
Microsoft Visual Studio Solution File, Format Version 12.00
Project("{FAE04EC0-301F-11D3-BF4B-00C04F79EFBC}") = "apbd6", "apbd6\apbd6.csproj", "{92DD659D-61AE-451B-9790-2F597F63FB5A}"
EndProject
Global
	GlobalSection(SolutionConfigurationPlatforms) = preSolution
		Debug|Any CPU = Debug|Any CPU
		Release|Any CPU = Release|Any CPU
	EndGlobalSection
	GlobalSection(ProjectConfigurationPlatforms) = postSolution
		{92DD659D-61AE-451B-9790-2F597F63FB5A}.Debug|Any CPU.ActiveCfg = Debug|Any CPU
		{92DD659D-61AE-451B-9790-2F597F63FB5A}.Debug|Any CPU.Build.0 = Debug|Any CPU
		{92DD659D-61AE-451B-9790-2F597F63FB5A}.Release|Any CPU.ActiveCfg = Release|Any CPU
		{92DD659D-61AE-451B-9790-2F597F63FB5A}.Release|Any CPU.Build.0 = Release|Any CPU
	EndGlobalSection
EndGlobal
